
Microsoft Visual Studio Solution File, Format Version 12.00
# Visual Studio Version 17
VisualStudioVersion = 17.2.32526.322
MinimumVisualStudioVersion = 10.0.40219.1
Project("{2150E333-8FDC-42A3-9474-1A3956D46DE8}") = "ZhaoXiEducation", "ZhaoXiEducation", "{6457FA8D-88B6-4AB2-A97A-1846622D5F0E}"
EndProject
Project("{2150E333-8FDC-42A3-9474-1A3956D46DE8}") = "YanZhongKe", "YanZhongKe", "{AB282EF2-E16C-4528-963E-B5125DDD5BB1}"
EndProject
Project("{2150E333-8FDC-42A3-9474-1A3956D46DE8}") = "Blog", "Blog", "{799BCFC7-A9B5-4769-BE9F-B81E984F4D45}"
EndProject
Project("{9A19103F-16F7-4668-BE54-9A1E7A4F7556}") = "Ahao-Blog", "Ahao-Blog\Ahao-Blog.csproj", "{1E6E8C99-14EC-4A81-A4E1-EC257E1BAD2A}"
EndProject
Project("{2150E333-8FDC-42A3-9474-1A3956D46DE8}") = "BiliBiliVideo", "BiliBiliVideo", "{1AD94654-35BC-4502-A411-AA72A97CDA45}"
EndProject
Project("{2150E333-8FDC-42A3-9474-1A3956D46DE8}") = "BookVideo", "BookVideo", "{516EE702-6C53-4770-91D9-FED05122F4BF}"
EndProject
Project("{2150E333-8FDC-42A3-9474-1A3956D46DE8}") = "Projects", "Projects", "{428E5EE0-4029-4DF6-86D2-52880CC3BFC2}"
EndProject
Project("{2150E333-8FDC-42A3-9474-1A3956D46DE8}") = "LaoZhaoNet", "LaoZhaoNet", "{335B607B-B1F3-4EF1-A86D-3BD517060117}"
EndProject
Project("{9A19103F-16F7-4668-BE54-9A1E7A4F7556}") = "01_单一职责原则", "01_单一职责原则\01_单一职责原则.csproj", "{1C8DDA27-E90A-4804-875F-9347C88D33DF}"
EndProject
Project("{2150E333-8FDC-42A3-9474-1A3956D46DE8}") = "TeacherZhou", "TeacherZhou", "{10EDEF99-0554-4FBA-91FA-8BE319338873}"
EndProject
Project("{2150E333-8FDC-42A3-9474-1A3956D46DE8}") = "TianZhongShiXiong", "TianZhongShiXiong", "{C5FC8823-42D5-4CA3-9F0E-E5F25A3CAC18}"
EndProject
Project("{2150E333-8FDC-42A3-9474-1A3956D46DE8}") = "CSharp", "CSharp", "{1C28821B-A042-4D51-AC4C-241869C6EDFD}"
EndProject
Project("{2150E333-8FDC-42A3-9474-1A3956D46DE8}") = "WPF", "WPF", "{68A8F2D5-73DF-4A73-9254-29A7B169C529}"
EndProject
Project("{2150E333-8FDC-42A3-9474-1A3956D46DE8}") = "Nets", "Nets", "{3B2F07AA-FBC7-47F1-AEC2-7FD76503959D}"
EndProject
Project("{2150E333-8FDC-42A3-9474-1A3956D46DE8}") = "Projects", "Projects", "{F195C301-CF26-4801-8C52-C3027CD96840}"
EndProject
Project("{2150E333-8FDC-42A3-9474-1A3956D46DE8}") = "Redis", "Redis", "{7DE2C62A-FFCA-469D-A4E4-79F94946760F}"
EndProject
Project("{2150E333-8FDC-42A3-9474-1A3956D46DE8}") = "AIXianfeng", "AIXianfeng", "{1CED9BD0-44B9-44FC-B34A-26CC9EDFB858}"
EndProject
Project("{2150E333-8FDC-42A3-9474-1A3956D46DE8}") = "CSharpGaojiTwelve", "CSharpGaojiTwelve", "{B7AA3642-2FB9-4286-AA48-75B20348B111}"
EndProject
Project("{2150E333-8FDC-42A3-9474-1A3956D46DE8}") = "CSharpTenAndSix", "CSharpTenAndSix", "{ACC5DE4C-751F-42AC-A31A-B4ED4EFC40FB}"
EndProject
Project("{9A19103F-16F7-4668-BE54-9A1E7A4F7556}") = "01_条件编译", "01_条件编译\01_条件编译.csproj", "{53D88F24-C2ED-42EF-91E4-7BFFAD936007}"
EndProject
Project("{9A19103F-16F7-4668-BE54-9A1E7A4F7556}") = "02_顶级语句", "02_顶级语句\02_顶级语句.csproj", "{7F9C3E59-6B12-48EC-B8FE-54427DD7E2B5}"
EndProject
Project("{2150E333-8FDC-42A3-9474-1A3956D46DE8}") = "KaKaNpP", "KaKaNpP", "{DE9BD077-E3A8-4609-9E38-B8A04FAF4880}"
EndProject
Project("{2150E333-8FDC-42A3-9474-1A3956D46DE8}") = "ShiYueDeHanLiu", "ShiYueDeHanLiu", "{37EC9D3D-E104-4D69-9851-912C141B4A86}"
EndProject
Project("{2150E333-8FDC-42A3-9474-1A3956D46DE8}") = "TuLingJiShuGuan", "TuLingJiShuGuan", "{A16F079E-B907-48AB-8258-932C2BA35429}"
EndProject
Project("{2150E333-8FDC-42A3-9474-1A3956D46DE8}") = "XueYuanJiXing", "XueYuanJiXing", "{6107E80C-70E7-4DC2-83A1-B90961B9257F}"
EndProject
Project("{2150E333-8FDC-42A3-9474-1A3956D46DE8}") = "LiYa00", "LiYa00", "{2A723E33-21C5-4447-9A35-D612B97C2814}"
EndProject
Project("{2150E333-8FDC-42A3-9474-1A3956D46DE8}") = "XiGuaBianCheng", "XiGuaBianCheng", "{071FCBDD-4045-4BA5-89DF-D701698B9C7E}"
EndProject
Project("{2150E333-8FDC-42A3-9474-1A3956D46DE8}") = "MoMj", "MoMj", "{00F672BC-07BA-4067-AD6A-5D0FBDB155C9}"
EndProject
Project("{2150E333-8FDC-42A3-9474-1A3956D46DE8}") = "AntBianCheng", "AntBianCheng", "{6065342A-5EBE-4380-8114-8BA92A596BF9}"
EndProject
Project("{2150E333-8FDC-42A3-9474-1A3956D46DE8}") = "Projects", "Projects", "{6C97307B-4ABA-477E-A0B0-E53A4C916706}"
EndProject
Project("{2150E333-8FDC-42A3-9474-1A3956D46DE8}") = "BasicKnowledge", "BasicKnowledge", "{86B8D046-90A1-4BAB-805A-1F4D632E43AC}"
EndProject
Project("{2150E333-8FDC-42A3-9474-1A3956D46DE8}") = "YiDingTong", "YiDingTong", "{F35E83E4-B82A-4430-8B59-5BBD1CE857A9}"
EndProject
Project("{9A19103F-16F7-4668-BE54-9A1E7A4F7556}") = "03_匿名对象", "03_匿名对象\03_匿名对象.csproj", "{3B9A8CF9-64AD-431D-94B3-329338C4ADAA}"
EndProject
Project("{9A19103F-16F7-4668-BE54-9A1E7A4F7556}") = "04_元组", "04_元组\04_元组.csproj", "{BF259840-D228-4BB7-A34D-50599C669195}"
EndProject
Project("{2150E333-8FDC-42A3-9474-1A3956D46DE8}") = "NetBingFaBianCheng", "NetBingFaBianCheng", "{C2B8A3FA-8690-4372-97BD-310203BA075B}"
EndProject
Project("{2150E333-8FDC-42A3-9474-1A3956D46DE8}") = "NetNeiCunGuanLi", "NetNeiCunGuanLi", "{8C1123E6-ADFC-4D3A-AC51-7CA1B282CC94}"
EndProject
Project("{2150E333-8FDC-42A3-9474-1A3956D46DE8}") = "NetKuangJiaSheJiYuShiXian", "NetKuangJiaSheJiYuShiXian", "{E245D6B7-9DBF-4770-B00A-E8FDB9CCF965}"
EndProject
Project("{2150E333-8FDC-42A3-9474-1A3956D46DE8}") = "AspNetCoreJishuneimuYuXiangmushizhan", "AspNetCoreJishuneimuYuXiangmushizhan", "{8B3EE313-883C-4348-AC3E-ACC47C976B77}"
EndProject
Project("{2150E333-8FDC-42A3-9474-1A3956D46DE8}") = "CSharpAndNetSixKaifaCongRumenDaoShijian", "CSharpAndNetSixKaifaCongRumenDaoShijian", "{853DE2D3-1330-4870-A536-0F6893D480D4}"
EndProject
Project("{2150E333-8FDC-42A3-9474-1A3956D46DE8}") = "AspNetFiveKaifaRumenAndShijian", "AspNetFiveKaifaRumenAndShijian", "{DC856782-E45A-4771-AABC-40AD8F4BFA6F}"
EndProject
Project("{2150E333-8FDC-42A3-9474-1A3956D46DE8}") = "GaoPinMianshiti", "GaoPinMianshiti", "{775762D9-CDBC-4B4D-8F48-9931D2287366}"
EndProject
Project("{9A19103F-16F7-4668-BE54-9A1E7A4F7556}") = "StaticDemo", "StaticDemo\StaticDemo.csproj", "{9ABFF3FF-9422-4C8F-B4CC-19D0D7A62FA8}"
EndProject
Project("{2150E333-8FDC-42A3-9474-1A3956D46DE8}") = "WPF", "WPF", "{A14646E4-2C25-4F17-8FC4-5B5057C8A54A}"
EndProject
Project("{2150E333-8FDC-42A3-9474-1A3956D46DE8}") = "NetCore", "NetCore", "{FACDE600-DC23-49BA-AAE4-DED4831AA64F}"
EndProject
Project("{2150E333-8FDC-42A3-9474-1A3956D46DE8}") = "Redis", "Redis", "{83D1479B-2190-46C6-A3E1-49BF77B841F0}"
EndProject
Project("{2150E333-8FDC-42A3-9474-1A3956D46DE8}") = "WPF", "WPF", "{4972E5FC-D5FC-4213-BB48-9781FC5067BD}"
EndProject
Project("{9A19103F-16F7-4668-BE54-9A1E7A4F7556}") = "WpfCalcDemo", "WpfCalcDemo\WpfCalcDemo.csproj", "{C1A7BCFC-125C-4EEC-A950-594BD54C8BC0}"
EndProject
Project("{9A19103F-16F7-4668-BE54-9A1E7A4F7556}") = "WpfMvvmDemo", "WpfMvvmDemo\WpfMvvmDemo.csproj", "{7AC41F6B-9DC7-487F-ABCB-D83DC9BD301D}"
EndProject
Project("{2150E333-8FDC-42A3-9474-1A3956D46DE8}") = "JusterZhu", "JusterZhu", "{22E23B57-220B-4225-B77E-91A36147F74E}"
EndProject
Project("{9A19103F-16F7-4668-BE54-9A1E7A4F7556}") = "ArchiTectRelax.Design", "ArchiTectRelax.Design\ArchiTectRelax.Design.csproj", "{918A180C-BEB2-4463-9B3A-82DCCCBFF47A}"
EndProject
Project("{9A19103F-16F7-4668-BE54-9A1E7A4F7556}") = "Out", "Out\Out.csproj", "{D3C89206-98B9-4686-A284-6B08E8B06441}"
EndProject
Project("{9A19103F-16F7-4668-BE54-9A1E7A4F7556}") = "方法重载", "方法重载\方法重载.csproj", "{5B4127D7-50D1-48B1-8098-28F2675A4050}"
EndProject
Project("{9A19103F-16F7-4668-BE54-9A1E7A4F7556}") = "命名参数和可选参数", "命名参数和可选参数\命名参数和可选参数.csproj", "{803375BF-B13B-4149-859B-4AF1A50807C4}"
EndProject
Project("{9A19103F-16F7-4668-BE54-9A1E7A4F7556}") = "方法的调用", "方法的调用\方法的调用.csproj", "{0802CB23-EF5A-40EF-A92A-114EB9ECE8FC}"
EndProject
Project("{2150E333-8FDC-42A3-9474-1A3956D46DE8}") = "IdentityServer4", "IdentityServer4", "{B214D373-9FDD-4726-897F-9482A1605E19}"
EndProject
Project("{9A19103F-16F7-4668-BE54-9A1E7A4F7556}") = "Sample.IdentityServer", "Sample.IdentityServer\Sample.IdentityServer.csproj", "{371DE60C-5228-4415-BA93-0A2E491257B0}"
EndProject
Project("{2150E333-8FDC-42A3-9474-1A3956D46DE8}") = "C01", "C01", "{D87793C8-5EEF-43F2-ABB5-EC62EC32FD2A}"
EndProject
Project("{2150E333-8FDC-42A3-9474-1A3956D46DE8}") = "C02", "C02", "{CC07FAC6-DC77-4382-A96C-4ADF87B35F26}"
EndProject
Project("{2150E333-8FDC-42A3-9474-1A3956D46DE8}") = "C03", "C03", "{6424C13B-9DAF-45FC-A50A-C7E7B0EDFEE6}"
EndProject
Project("{2150E333-8FDC-42A3-9474-1A3956D46DE8}") = "C04", "C04", "{3BFE179C-92E5-4147-802E-0B8F4DAC03E3}"
EndProject
Project("{2150E333-8FDC-42A3-9474-1A3956D46DE8}") = "C05", "C05", "{F1E7CC8F-E5D2-466E-8E0A-4E9AB9C2FD29}"
EndProject
Project("{2150E333-8FDC-42A3-9474-1A3956D46DE8}") = "C06", "C06", "{B12F7E0C-3C2A-4033-8A0C-E19A00F77C44}"
EndProject
Project("{2150E333-8FDC-42A3-9474-1A3956D46DE8}") = "C07", "C07", "{A21AD767-8C89-4E9B-ABAC-2905F9F9D753}"
EndProject
Project("{2150E333-8FDC-42A3-9474-1A3956D46DE8}") = "C08", "C08", "{7DD238B6-AFAC-4355-AA73-FDBB9AE2C605}"
EndProject
Project("{2150E333-8FDC-42A3-9474-1A3956D46DE8}") = "C09", "C09", "{CA2D4BC0-19EF-491E-83B2-29D702F4D066}"
EndProject
Project("{2150E333-8FDC-42A3-9474-1A3956D46DE8}") = "C10", "C10", "{39E80ECC-4ED8-4765-B28C-088FBA517EFC}"
EndProject
Project("{9A19103F-16F7-4668-BE54-9A1E7A4F7556}") = "递归", "递归\递归.csproj", "{C560BB68-2F21-48E0-83BB-BA0C4AF1C594}"
EndProject
Project("{2150E333-8FDC-42A3-9474-1A3956D46DE8}") = "最小活跃数负载均衡算法", "最小活跃数负载均衡算法", "{2260587F-97F4-443D-8DDF-0C5004AAF797}"
EndProject
Project("{9A19103F-16F7-4668-BE54-9A1E7A4F7556}") = "LoadBalancer", "LoadBalancer\LoadBalancer.csproj", "{83C27883-E2C3-4693-8501-4D44A2E3FDE3}"
EndProject
Project("{2150E333-8FDC-42A3-9474-1A3956D46DE8}") = "数据结构和算法", "数据结构和算法", "{6ADD4733-74E9-4121-B140-6082E673A582}"
EndProject
Project("{9A19103F-16F7-4668-BE54-9A1E7A4F7556}") = "类成员", "类成员\类成员.csproj", "{97287499-F803-482E-8B0B-3777EEA5930A}"
EndProject
Project("{9A19103F-16F7-4668-BE54-9A1E7A4F7556}") = "静态成员", "静态成员\静态成员.csproj", "{0384CBA5-551B-4103-9EAE-C52E9A10EE93}"
EndProject
Project("{9A19103F-16F7-4668-BE54-9A1E7A4F7556}") = "EFCoreQuickStart", "EFCoreQuickStart\EFCoreQuickStart.csproj", "{15C18FB1-A0CB-4C99-BE81-16C82D788118}"
EndProject
Project("{9A19103F-16F7-4668-BE54-9A1E7A4F7556}") = "EntityModels", "EntityModels\EntityModels.csproj", "{CB913537-6975-49FC-A920-13882DD7C49F}"
EndProject
Project("{9A19103F-16F7-4668-BE54-9A1E7A4F7556}") = "ConsoleApp", "ConsoleApp\ConsoleApp.csproj", "{8D315438-FCB2-4259-BFF4-FF0C00AA9CD7}"
EndProject
Project("{9A19103F-16F7-4668-BE54-9A1E7A4F7556}") = "WpfDataBinding", "WpfDataBinding\WpfDataBinding.csproj", "{99E2A6FC-16CE-4533-BB0C-2792E19DF815}"
EndProject
Project("{9A19103F-16F7-4668-BE54-9A1E7A4F7556}") = "静态构造方法", "静态构造方法\静态构造方法.csproj", "{8B6B9726-C488-457C-84CA-3FEDA5AFF061}"
EndProject
Project("{9A19103F-16F7-4668-BE54-9A1E7A4F7556}") = "对象初始化器", "对象初始化器\对象初始化器.csproj", "{CDCBE6FB-B16F-4072-BB64-2D4640407E6D}"
EndProject
Project("{9A19103F-16F7-4668-BE54-9A1E7A4F7556}") = "ReadonlyDemo", "ReadonlyDemo\ReadonlyDemo.csproj", "{59890A0E-A570-4903-8143-B29406BD74FF}"
EndProject
Project("{9A19103F-16F7-4668-BE54-9A1E7A4F7556}") = "索引器", "索引器\索引器.csproj", "{CF888057-8C27-4BF9-B586-5A99589DBC53}"
EndProject
Project("{9A19103F-16F7-4668-BE54-9A1E7A4F7556}") = "分部类", "分部类\分部类.csproj", "{F235899D-8F97-48F7-A06B-FA6F92B08057}"
EndProject
Project("{2150E333-8FDC-42A3-9474-1A3956D46DE8}") = "LingJichuBianCheng", "LingJichuBianCheng", "{DE67BC7F-E96A-48D9-B81E-B08438DE7FB6}"
EndProject
Project("{9A19103F-16F7-4668-BE54-9A1E7A4F7556}") = "继承", "继承\继承.csproj", "{CA5A4FAE-2D33-47AB-9510-8198561B84BA}"
EndProject
Project("{9A19103F-16F7-4668-BE54-9A1E7A4F7556}") = "多态", "多态\多态.csproj", "{5CD77FD8-3C33-4462-9AD9-770279E332F2}"
EndProject
Project("{9A19103F-16F7-4668-BE54-9A1E7A4F7556}") = "Base", "Base\Base.csproj", "{06202B61-E47B-499F-93F0-680846CC135A}"
EndProject
Project("{9A19103F-16F7-4668-BE54-9A1E7A4F7556}") = "抽象类", "抽象类\抽象类.csproj", "{96C589C3-F140-4570-B7A6-9EDDE9CFF192}"
EndProject
Project("{9A19103F-16F7-4668-BE54-9A1E7A4F7556}") = "密封类", "密封类\密封类.csproj", "{2C8FFA4D-B290-4B9D-9A3E-D4DF095A4150}"
EndProject
Project("{9A19103F-16F7-4668-BE54-9A1E7A4F7556}") = "静态类", "静态类\静态类.csproj", "{15EBC9BD-BAF4-4CB9-A757-088770875386}"
EndProject
Project("{2150E333-8FDC-42A3-9474-1A3956D46DE8}") = "layvon", "layvon", "{3E05CE00-F62F-4909-8ED8-498AE626B9FA}"
EndProject
Project("{2150E333-8FDC-42A3-9474-1A3956D46DE8}") = "NetCore", "NetCore", "{78A53B21-E2ED-49CB-AB0D-9C9CB4B7943D}"
EndProject
Project("{2150E333-8FDC-42A3-9474-1A3956D46DE8}") = "EF", "EF", "{F96C6ABC-8F6F-469F-B275-6D1FB0FC45C8}"
EndProject
Project("{2150E333-8FDC-42A3-9474-1A3956D46DE8}") = "MVC", "MVC", "{D3E78356-0890-42D5-8AB2-72A430B2782C}"
EndProject
Project("{2150E333-8FDC-42A3-9474-1A3956D46DE8}") = "WebForm", "WebForm", "{7B48C8F3-19EE-4291-A6E3-EB2962D29F0C}"
EndProject
Project("{2150E333-8FDC-42A3-9474-1A3956D46DE8}") = "CSharp", "CSharp", "{DFA2229A-5231-4836-9FB7-288228997C04}"
EndProject
Project("{9A19103F-16F7-4668-BE54-9A1E7A4F7556}") = "T1", "T1\T1.csproj", "{F135EC7B-70C2-44D9-AB9C-F58CBD867D8E}"
EndProject
Project("{9A19103F-16F7-4668-BE54-9A1E7A4F7556}") = "T2", "T2\T2.csproj", "{034B737B-6063-4A08-83D0-723101DABACD}"
EndProject
Project("{9A19103F-16F7-4668-BE54-9A1E7A4F7556}") = "T2WebAPI", "T2WebAPI\T2WebAPI.csproj", "{6A325200-9552-49F1-9F8E-0EA4FD76879E}"
EndProject
Project("{9A19103F-16F7-4668-BE54-9A1E7A4F7556}") = "扩展方法", "扩展方法\扩展方法.csproj", "{9C35F9C6-AB64-41C0-BF9F-740624331ECB}"
EndProject
Project("{9A19103F-16F7-4668-BE54-9A1E7A4F7556}") = "委托", "委托\委托.csproj", "{39715132-4580-47D2-A14D-9D87EB201DFF}"
EndProject
Project("{9A19103F-16F7-4668-BE54-9A1E7A4F7556}") = "泛型", "泛型\泛型.csproj", "{377DE3B7-FAFC-498C-9107-BAAE39A23F40}"
EndProject
Project("{FAE04EC0-301F-11D3-BF4B-00C04F79EFBC}") = "05_统计方法", "05_统计方法\05_统计方法.csproj", "{C40AFF00-4528-4660-B62F-57E0592A62D2}"
EndProject
Global
	GlobalSection(SolutionConfigurationPlatforms) = preSolution
		Debug|Any CPU = Debug|Any CPU
		Release|Any CPU = Release|Any CPU
	EndGlobalSection
	GlobalSection(ProjectConfigurationPlatforms) = postSolution
		{1E6E8C99-14EC-4A81-A4E1-EC257E1BAD2A}.Debug|Any CPU.ActiveCfg = Debug|Any CPU
		{1E6E8C99-14EC-4A81-A4E1-EC257E1BAD2A}.Debug|Any CPU.Build.0 = Debug|Any CPU
		{1E6E8C99-14EC-4A81-A4E1-EC257E1BAD2A}.Release|Any CPU.ActiveCfg = Release|Any CPU
		{1E6E8C99-14EC-4A81-A4E1-EC257E1BAD2A}.Release|Any CPU.Build.0 = Release|Any CPU
		{1C8DDA27-E90A-4804-875F-9347C88D33DF}.Debug|Any CPU.ActiveCfg = Debug|Any CPU
		{1C8DDA27-E90A-4804-875F-9347C88D33DF}.Debug|Any CPU.Build.0 = Debug|Any CPU
		{1C8DDA27-E90A-4804-875F-9347C88D33DF}.Release|Any CPU.ActiveCfg = Release|Any CPU
		{1C8DDA27-E90A-4804-875F-9347C88D33DF}.Release|Any CPU.Build.0 = Release|Any CPU
		{53D88F24-C2ED-42EF-91E4-7BFFAD936007}.Debug|Any CPU.ActiveCfg = Debug|Any CPU
		{53D88F24-C2ED-42EF-91E4-7BFFAD936007}.Debug|Any CPU.Build.0 = Debug|Any CPU
		{53D88F24-C2ED-42EF-91E4-7BFFAD936007}.Release|Any CPU.ActiveCfg = Release|Any CPU
		{53D88F24-C2ED-42EF-91E4-7BFFAD936007}.Release|Any CPU.Build.0 = Release|Any CPU
		{7F9C3E59-6B12-48EC-B8FE-54427DD7E2B5}.Debug|Any CPU.ActiveCfg = Debug|Any CPU
		{7F9C3E59-6B12-48EC-B8FE-54427DD7E2B5}.Debug|Any CPU.Build.0 = Debug|Any CPU
		{7F9C3E59-6B12-48EC-B8FE-54427DD7E2B5}.Release|Any CPU.ActiveCfg = Release|Any CPU
		{7F9C3E59-6B12-48EC-B8FE-54427DD7E2B5}.Release|Any CPU.Build.0 = Release|Any CPU
		{3B9A8CF9-64AD-431D-94B3-329338C4ADAA}.Debug|Any CPU.ActiveCfg = Debug|Any CPU
		{3B9A8CF9-64AD-431D-94B3-329338C4ADAA}.Debug|Any CPU.Build.0 = Debug|Any CPU
		{3B9A8CF9-64AD-431D-94B3-329338C4ADAA}.Release|Any CPU.ActiveCfg = Release|Any CPU
		{3B9A8CF9-64AD-431D-94B3-329338C4ADAA}.Release|Any CPU.Build.0 = Release|Any CPU
		{BF259840-D228-4BB7-A34D-50599C669195}.Debug|Any CPU.ActiveCfg = Debug|Any CPU
		{BF259840-D228-4BB7-A34D-50599C669195}.Debug|Any CPU.Build.0 = Debug|Any CPU
		{BF259840-D228-4BB7-A34D-50599C669195}.Release|Any CPU.ActiveCfg = Release|Any CPU
		{BF259840-D228-4BB7-A34D-50599C669195}.Release|Any CPU.Build.0 = Release|Any CPU
		{9ABFF3FF-9422-4C8F-B4CC-19D0D7A62FA8}.Debug|Any CPU.ActiveCfg = Debug|Any CPU
		{9ABFF3FF-9422-4C8F-B4CC-19D0D7A62FA8}.Debug|Any CPU.Build.0 = Debug|Any CPU
		{9ABFF3FF-9422-4C8F-B4CC-19D0D7A62FA8}.Release|Any CPU.ActiveCfg = Release|Any CPU
		{9ABFF3FF-9422-4C8F-B4CC-19D0D7A62FA8}.Release|Any CPU.Build.0 = Release|Any CPU
		{C1A7BCFC-125C-4EEC-A950-594BD54C8BC0}.Debug|Any CPU.ActiveCfg = Debug|Any CPU
		{C1A7BCFC-125C-4EEC-A950-594BD54C8BC0}.Debug|Any CPU.Build.0 = Debug|Any CPU
		{C1A7BCFC-125C-4EEC-A950-594BD54C8BC0}.Release|Any CPU.ActiveCfg = Release|Any CPU
		{C1A7BCFC-125C-4EEC-A950-594BD54C8BC0}.Release|Any CPU.Build.0 = Release|Any CPU
		{7AC41F6B-9DC7-487F-ABCB-D83DC9BD301D}.Debug|Any CPU.ActiveCfg = Debug|Any CPU
		{7AC41F6B-9DC7-487F-ABCB-D83DC9BD301D}.Debug|Any CPU.Build.0 = Debug|Any CPU
		{7AC41F6B-9DC7-487F-ABCB-D83DC9BD301D}.Release|Any CPU.ActiveCfg = Release|Any CPU
		{7AC41F6B-9DC7-487F-ABCB-D83DC9BD301D}.Release|Any CPU.Build.0 = Release|Any CPU
		{918A180C-BEB2-4463-9B3A-82DCCCBFF47A}.Debug|Any CPU.ActiveCfg = Debug|Any CPU
		{918A180C-BEB2-4463-9B3A-82DCCCBFF47A}.Debug|Any CPU.Build.0 = Debug|Any CPU
		{918A180C-BEB2-4463-9B3A-82DCCCBFF47A}.Release|Any CPU.ActiveCfg = Release|Any CPU
		{918A180C-BEB2-4463-9B3A-82DCCCBFF47A}.Release|Any CPU.Build.0 = Release|Any CPU
		{D3C89206-98B9-4686-A284-6B08E8B06441}.Debug|Any CPU.ActiveCfg = Debug|Any CPU
		{D3C89206-98B9-4686-A284-6B08E8B06441}.Debug|Any CPU.Build.0 = Debug|Any CPU
		{D3C89206-98B9-4686-A284-6B08E8B06441}.Release|Any CPU.ActiveCfg = Release|Any CPU
		{D3C89206-98B9-4686-A284-6B08E8B06441}.Release|Any CPU.Build.0 = Release|Any CPU
		{5B4127D7-50D1-48B1-8098-28F2675A4050}.Debug|Any CPU.ActiveCfg = Debug|Any CPU
		{5B4127D7-50D1-48B1-8098-28F2675A4050}.Debug|Any CPU.Build.0 = Debug|Any CPU
		{5B4127D7-50D1-48B1-8098-28F2675A4050}.Release|Any CPU.ActiveCfg = Release|Any CPU
		{5B4127D7-50D1-48B1-8098-28F2675A4050}.Release|Any CPU.Build.0 = Release|Any CPU
		{803375BF-B13B-4149-859B-4AF1A50807C4}.Debug|Any CPU.ActiveCfg = Debug|Any CPU
		{803375BF-B13B-4149-859B-4AF1A50807C4}.Debug|Any CPU.Build.0 = Debug|Any CPU
		{803375BF-B13B-4149-859B-4AF1A50807C4}.Release|Any CPU.ActiveCfg = Release|Any CPU
		{803375BF-B13B-4149-859B-4AF1A50807C4}.Release|Any CPU.Build.0 = Release|Any CPU
		{0802CB23-EF5A-40EF-A92A-114EB9ECE8FC}.Debug|Any CPU.ActiveCfg = Debug|Any CPU
		{0802CB23-EF5A-40EF-A92A-114EB9ECE8FC}.Debug|Any CPU.Build.0 = Debug|Any CPU
		{0802CB23-EF5A-40EF-A92A-114EB9ECE8FC}.Release|Any CPU.ActiveCfg = Release|Any CPU
		{0802CB23-EF5A-40EF-A92A-114EB9ECE8FC}.Release|Any CPU.Build.0 = Release|Any CPU
		{371DE60C-5228-4415-BA93-0A2E491257B0}.Debug|Any CPU.ActiveCfg = Debug|Any CPU
		{371DE60C-5228-4415-BA93-0A2E491257B0}.Debug|Any CPU.Build.0 = Debug|Any CPU
		{371DE60C-5228-4415-BA93-0A2E491257B0}.Release|Any CPU.ActiveCfg = Release|Any CPU
		{371DE60C-5228-4415-BA93-0A2E491257B0}.Release|Any CPU.Build.0 = Release|Any CPU
		{C560BB68-2F21-48E0-83BB-BA0C4AF1C594}.Debug|Any CPU.ActiveCfg = Debug|Any CPU
		{C560BB68-2F21-48E0-83BB-BA0C4AF1C594}.Debug|Any CPU.Build.0 = Debug|Any CPU
		{C560BB68-2F21-48E0-83BB-BA0C4AF1C594}.Release|Any CPU.ActiveCfg = Release|Any CPU
		{C560BB68-2F21-48E0-83BB-BA0C4AF1C594}.Release|Any CPU.Build.0 = Release|Any CPU
		{83C27883-E2C3-4693-8501-4D44A2E3FDE3}.Debug|Any CPU.ActiveCfg = Debug|Any CPU
		{83C27883-E2C3-4693-8501-4D44A2E3FDE3}.Debug|Any CPU.Build.0 = Debug|Any CPU
		{83C27883-E2C3-4693-8501-4D44A2E3FDE3}.Release|Any CPU.ActiveCfg = Release|Any CPU
		{83C27883-E2C3-4693-8501-4D44A2E3FDE3}.Release|Any CPU.Build.0 = Release|Any CPU
		{97287499-F803-482E-8B0B-3777EEA5930A}.Debug|Any CPU.ActiveCfg = Debug|Any CPU
		{97287499-F803-482E-8B0B-3777EEA5930A}.Debug|Any CPU.Build.0 = Debug|Any CPU
		{97287499-F803-482E-8B0B-3777EEA5930A}.Release|Any CPU.ActiveCfg = Release|Any CPU
		{97287499-F803-482E-8B0B-3777EEA5930A}.Release|Any CPU.Build.0 = Release|Any CPU
		{0384CBA5-551B-4103-9EAE-C52E9A10EE93}.Debug|Any CPU.ActiveCfg = Debug|Any CPU
		{0384CBA5-551B-4103-9EAE-C52E9A10EE93}.Debug|Any CPU.Build.0 = Debug|Any CPU
		{0384CBA5-551B-4103-9EAE-C52E9A10EE93}.Release|Any CPU.ActiveCfg = Release|Any CPU
		{0384CBA5-551B-4103-9EAE-C52E9A10EE93}.Release|Any CPU.Build.0 = Release|Any CPU
		{15C18FB1-A0CB-4C99-BE81-16C82D788118}.Debug|Any CPU.ActiveCfg = Debug|Any CPU
		{15C18FB1-A0CB-4C99-BE81-16C82D788118}.Debug|Any CPU.Build.0 = Debug|Any CPU
		{15C18FB1-A0CB-4C99-BE81-16C82D788118}.Release|Any CPU.ActiveCfg = Release|Any CPU
		{15C18FB1-A0CB-4C99-BE81-16C82D788118}.Release|Any CPU.Build.0 = Release|Any CPU
		{CB913537-6975-49FC-A920-13882DD7C49F}.Debug|Any CPU.ActiveCfg = Debug|Any CPU
		{CB913537-6975-49FC-A920-13882DD7C49F}.Debug|Any CPU.Build.0 = Debug|Any CPU
		{CB913537-6975-49FC-A920-13882DD7C49F}.Release|Any CPU.ActiveCfg = Release|Any CPU
		{CB913537-6975-49FC-A920-13882DD7C49F}.Release|Any CPU.Build.0 = Release|Any CPU
		{8D315438-FCB2-4259-BFF4-FF0C00AA9CD7}.Debug|Any CPU.ActiveCfg = Debug|Any CPU
		{8D315438-FCB2-4259-BFF4-FF0C00AA9CD7}.Debug|Any CPU.Build.0 = Debug|Any CPU
		{8D315438-FCB2-4259-BFF4-FF0C00AA9CD7}.Release|Any CPU.ActiveCfg = Release|Any CPU
		{8D315438-FCB2-4259-BFF4-FF0C00AA9CD7}.Release|Any CPU.Build.0 = Release|Any CPU
		{99E2A6FC-16CE-4533-BB0C-2792E19DF815}.Debug|Any CPU.ActiveCfg = Debug|Any CPU
		{99E2A6FC-16CE-4533-BB0C-2792E19DF815}.Debug|Any CPU.Build.0 = Debug|Any CPU
		{99E2A6FC-16CE-4533-BB0C-2792E19DF815}.Release|Any CPU.ActiveCfg = Release|Any CPU
		{99E2A6FC-16CE-4533-BB0C-2792E19DF815}.Release|Any CPU.Build.0 = Release|Any CPU
		{8B6B9726-C488-457C-84CA-3FEDA5AFF061}.Debug|Any CPU.ActiveCfg = Debug|Any CPU
		{8B6B9726-C488-457C-84CA-3FEDA5AFF061}.Debug|Any CPU.Build.0 = Debug|Any CPU
		{8B6B9726-C488-457C-84CA-3FEDA5AFF061}.Release|Any CPU.ActiveCfg = Release|Any CPU
		{8B6B9726-C488-457C-84CA-3FEDA5AFF061}.Release|Any CPU.Build.0 = Release|Any CPU
		{CDCBE6FB-B16F-4072-BB64-2D4640407E6D}.Debug|Any CPU.ActiveCfg = Debug|Any CPU
		{CDCBE6FB-B16F-4072-BB64-2D4640407E6D}.Debug|Any CPU.Build.0 = Debug|Any CPU
		{CDCBE6FB-B16F-4072-BB64-2D4640407E6D}.Release|Any CPU.ActiveCfg = Release|Any CPU
		{CDCBE6FB-B16F-4072-BB64-2D4640407E6D}.Release|Any CPU.Build.0 = Release|Any CPU
		{59890A0E-A570-4903-8143-B29406BD74FF}.Debug|Any CPU.ActiveCfg = Debug|Any CPU
		{59890A0E-A570-4903-8143-B29406BD74FF}.Debug|Any CPU.Build.0 = Debug|Any CPU
		{59890A0E-A570-4903-8143-B29406BD74FF}.Release|Any CPU.ActiveCfg = Release|Any CPU
		{59890A0E-A570-4903-8143-B29406BD74FF}.Release|Any CPU.Build.0 = Release|Any CPU
		{CF888057-8C27-4BF9-B586-5A99589DBC53}.Debug|Any CPU.ActiveCfg = Debug|Any CPU
		{CF888057-8C27-4BF9-B586-5A99589DBC53}.Debug|Any CPU.Build.0 = Debug|Any CPU
		{CF888057-8C27-4BF9-B586-5A99589DBC53}.Release|Any CPU.ActiveCfg = Release|Any CPU
		{CF888057-8C27-4BF9-B586-5A99589DBC53}.Release|Any CPU.Build.0 = Release|Any CPU
		{F235899D-8F97-48F7-A06B-FA6F92B08057}.Debug|Any CPU.ActiveCfg = Debug|Any CPU
		{F235899D-8F97-48F7-A06B-FA6F92B08057}.Debug|Any CPU.Build.0 = Debug|Any CPU
		{F235899D-8F97-48F7-A06B-FA6F92B08057}.Release|Any CPU.ActiveCfg = Release|Any CPU
		{F235899D-8F97-48F7-A06B-FA6F92B08057}.Release|Any CPU.Build.0 = Release|Any CPU
		{CA5A4FAE-2D33-47AB-9510-8198561B84BA}.Debug|Any CPU.ActiveCfg = Debug|Any CPU
		{CA5A4FAE-2D33-47AB-9510-8198561B84BA}.Debug|Any CPU.Build.0 = Debug|Any CPU
		{CA5A4FAE-2D33-47AB-9510-8198561B84BA}.Release|Any CPU.ActiveCfg = Release|Any CPU
		{CA5A4FAE-2D33-47AB-9510-8198561B84BA}.Release|Any CPU.Build.0 = Release|Any CPU
		{5CD77FD8-3C33-4462-9AD9-770279E332F2}.Debug|Any CPU.ActiveCfg = Debug|Any CPU
		{5CD77FD8-3C33-4462-9AD9-770279E332F2}.Debug|Any CPU.Build.0 = Debug|Any CPU
		{5CD77FD8-3C33-4462-9AD9-770279E332F2}.Release|Any CPU.ActiveCfg = Release|Any CPU
		{5CD77FD8-3C33-4462-9AD9-770279E332F2}.Release|Any CPU.Build.0 = Release|Any CPU
		{06202B61-E47B-499F-93F0-680846CC135A}.Debug|Any CPU.ActiveCfg = Debug|Any CPU
		{06202B61-E47B-499F-93F0-680846CC135A}.Debug|Any CPU.Build.0 = Debug|Any CPU
		{06202B61-E47B-499F-93F0-680846CC135A}.Release|Any CPU.ActiveCfg = Release|Any CPU
		{06202B61-E47B-499F-93F0-680846CC135A}.Release|Any CPU.Build.0 = Release|Any CPU
		{96C589C3-F140-4570-B7A6-9EDDE9CFF192}.Debug|Any CPU.ActiveCfg = Debug|Any CPU
		{96C589C3-F140-4570-B7A6-9EDDE9CFF192}.Debug|Any CPU.Build.0 = Debug|Any CPU
		{96C589C3-F140-4570-B7A6-9EDDE9CFF192}.Release|Any CPU.ActiveCfg = Release|Any CPU
		{96C589C3-F140-4570-B7A6-9EDDE9CFF192}.Release|Any CPU.Build.0 = Release|Any CPU
		{2C8FFA4D-B290-4B9D-9A3E-D4DF095A4150}.Debug|Any CPU.ActiveCfg = Debug|Any CPU
		{2C8FFA4D-B290-4B9D-9A3E-D4DF095A4150}.Debug|Any CPU.Build.0 = Debug|Any CPU
		{2C8FFA4D-B290-4B9D-9A3E-D4DF095A4150}.Release|Any CPU.ActiveCfg = Release|Any CPU
		{2C8FFA4D-B290-4B9D-9A3E-D4DF095A4150}.Release|Any CPU.Build.0 = Release|Any CPU
		{15EBC9BD-BAF4-4CB9-A757-088770875386}.Debug|Any CPU.ActiveCfg = Debug|Any CPU
		{15EBC9BD-BAF4-4CB9-A757-088770875386}.Debug|Any CPU.Build.0 = Debug|Any CPU
		{15EBC9BD-BAF4-4CB9-A757-088770875386}.Release|Any CPU.ActiveCfg = Release|Any CPU
		{15EBC9BD-BAF4-4CB9-A757-088770875386}.Release|Any CPU.Build.0 = Release|Any CPU
		{F135EC7B-70C2-44D9-AB9C-F58CBD867D8E}.Debug|Any CPU.ActiveCfg = Debug|Any CPU
		{F135EC7B-70C2-44D9-AB9C-F58CBD867D8E}.Debug|Any CPU.Build.0 = Debug|Any CPU
		{F135EC7B-70C2-44D9-AB9C-F58CBD867D8E}.Release|Any CPU.ActiveCfg = Release|Any CPU
		{F135EC7B-70C2-44D9-AB9C-F58CBD867D8E}.Release|Any CPU.Build.0 = Release|Any CPU
		{034B737B-6063-4A08-83D0-723101DABACD}.Debug|Any CPU.ActiveCfg = Debug|Any CPU
		{034B737B-6063-4A08-83D0-723101DABACD}.Debug|Any CPU.Build.0 = Debug|Any CPU
		{034B737B-6063-4A08-83D0-723101DABACD}.Release|Any CPU.ActiveCfg = Release|Any CPU
		{034B737B-6063-4A08-83D0-723101DABACD}.Release|Any CPU.Build.0 = Release|Any CPU
		{6A325200-9552-49F1-9F8E-0EA4FD76879E}.Debug|Any CPU.ActiveCfg = Debug|Any CPU
		{6A325200-9552-49F1-9F8E-0EA4FD76879E}.Debug|Any CPU.Build.0 = Debug|Any CPU
		{6A325200-9552-49F1-9F8E-0EA4FD76879E}.Release|Any CPU.ActiveCfg = Release|Any CPU
		{6A325200-9552-49F1-9F8E-0EA4FD76879E}.Release|Any CPU.Build.0 = Release|Any CPU
		{9C35F9C6-AB64-41C0-BF9F-740624331ECB}.Debug|Any CPU.ActiveCfg = Debug|Any CPU
		{9C35F9C6-AB64-41C0-BF9F-740624331ECB}.Debug|Any CPU.Build.0 = Debug|Any CPU
		{9C35F9C6-AB64-41C0-BF9F-740624331ECB}.Release|Any CPU.ActiveCfg = Release|Any CPU
		{9C35F9C6-AB64-41C0-BF9F-740624331ECB}.Release|Any CPU.Build.0 = Release|Any CPU
		{39715132-4580-47D2-A14D-9D87EB201DFF}.Debug|Any CPU.ActiveCfg = Debug|Any CPU
		{39715132-4580-47D2-A14D-9D87EB201DFF}.Debug|Any CPU.Build.0 = Debug|Any CPU
		{39715132-4580-47D2-A14D-9D87EB201DFF}.Release|Any CPU.ActiveCfg = Release|Any CPU
		{39715132-4580-47D2-A14D-9D87EB201DFF}.Release|Any CPU.Build.0 = Release|Any CPU
		{377DE3B7-FAFC-498C-9107-BAAE39A23F40}.Debug|Any CPU.ActiveCfg = Debug|Any CPU
		{377DE3B7-FAFC-498C-9107-BAAE39A23F40}.Debug|Any CPU.Build.0 = Debug|Any CPU
		{377DE3B7-FAFC-498C-9107-BAAE39A23F40}.Release|Any CPU.ActiveCfg = Release|Any CPU
		{377DE3B7-FAFC-498C-9107-BAAE39A23F40}.Release|Any CPU.Build.0 = Release|Any CPU
		{C40AFF00-4528-4660-B62F-57E0592A62D2}.Debug|Any CPU.ActiveCfg = Debug|Any CPU
		{C40AFF00-4528-4660-B62F-57E0592A62D2}.Debug|Any CPU.Build.0 = Debug|Any CPU
		{C40AFF00-4528-4660-B62F-57E0592A62D2}.Release|Any CPU.ActiveCfg = Release|Any CPU
		{C40AFF00-4528-4660-B62F-57E0592A62D2}.Release|Any CPU.Build.0 = Release|Any CPU
	EndGlobalSection
	GlobalSection(SolutionProperties) = preSolution
		HideSolutionNode = FALSE
	EndGlobalSection
	GlobalSection(NestedProjects) = preSolution
		{6457FA8D-88B6-4AB2-A97A-1846622D5F0E} = {1AD94654-35BC-4502-A411-AA72A97CDA45}
		{799BCFC7-A9B5-4769-BE9F-B81E984F4D45} = {428E5EE0-4029-4DF6-86D2-52880CC3BFC2}
		{1E6E8C99-14EC-4A81-A4E1-EC257E1BAD2A} = {799BCFC7-A9B5-4769-BE9F-B81E984F4D45}
		{335B607B-B1F3-4EF1-A86D-3BD517060117} = {1AD94654-35BC-4502-A411-AA72A97CDA45}
		{1C8DDA27-E90A-4804-875F-9347C88D33DF} = {335B607B-B1F3-4EF1-A86D-3BD517060117}
		{10EDEF99-0554-4FBA-91FA-8BE319338873} = {1AD94654-35BC-4502-A411-AA72A97CDA45}
		{C5FC8823-42D5-4CA3-9F0E-E5F25A3CAC18} = {1AD94654-35BC-4502-A411-AA72A97CDA45}
		{1C28821B-A042-4D51-AC4C-241869C6EDFD} = {C5FC8823-42D5-4CA3-9F0E-E5F25A3CAC18}
		{68A8F2D5-73DF-4A73-9254-29A7B169C529} = {C5FC8823-42D5-4CA3-9F0E-E5F25A3CAC18}
		{3B2F07AA-FBC7-47F1-AEC2-7FD76503959D} = {6457FA8D-88B6-4AB2-A97A-1846622D5F0E}
		{F195C301-CF26-4801-8C52-C3027CD96840} = {6457FA8D-88B6-4AB2-A97A-1846622D5F0E}
		{7DE2C62A-FFCA-469D-A4E4-79F94946760F} = {6457FA8D-88B6-4AB2-A97A-1846622D5F0E}
		{1CED9BD0-44B9-44FC-B34A-26CC9EDFB858} = {1AD94654-35BC-4502-A411-AA72A97CDA45}
		{B7AA3642-2FB9-4286-AA48-75B20348B111} = {516EE702-6C53-4770-91D9-FED05122F4BF}
		{ACC5DE4C-751F-42AC-A31A-B4ED4EFC40FB} = {516EE702-6C53-4770-91D9-FED05122F4BF}
		{53D88F24-C2ED-42EF-91E4-7BFFAD936007} = {1CED9BD0-44B9-44FC-B34A-26CC9EDFB858}
		{7F9C3E59-6B12-48EC-B8FE-54427DD7E2B5} = {1CED9BD0-44B9-44FC-B34A-26CC9EDFB858}
		{DE9BD077-E3A8-4609-9E38-B8A04FAF4880} = {1AD94654-35BC-4502-A411-AA72A97CDA45}
		{37EC9D3D-E104-4D69-9851-912C141B4A86} = {1AD94654-35BC-4502-A411-AA72A97CDA45}
		{A16F079E-B907-48AB-8258-932C2BA35429} = {1AD94654-35BC-4502-A411-AA72A97CDA45}
		{6107E80C-70E7-4DC2-83A1-B90961B9257F} = {1AD94654-35BC-4502-A411-AA72A97CDA45}
		{2A723E33-21C5-4447-9A35-D612B97C2814} = {1AD94654-35BC-4502-A411-AA72A97CDA45}
		{071FCBDD-4045-4BA5-89DF-D701698B9C7E} = {1AD94654-35BC-4502-A411-AA72A97CDA45}
		{00F672BC-07BA-4067-AD6A-5D0FBDB155C9} = {1AD94654-35BC-4502-A411-AA72A97CDA45}
		{6065342A-5EBE-4380-8114-8BA92A596BF9} = {1AD94654-35BC-4502-A411-AA72A97CDA45}
		{6C97307B-4ABA-477E-A0B0-E53A4C916706} = {6065342A-5EBE-4380-8114-8BA92A596BF9}
		{86B8D046-90A1-4BAB-805A-1F4D632E43AC} = {6065342A-5EBE-4380-8114-8BA92A596BF9}
		{F35E83E4-B82A-4430-8B59-5BBD1CE857A9} = {1AD94654-35BC-4502-A411-AA72A97CDA45}
		{3B9A8CF9-64AD-431D-94B3-329338C4ADAA} = {1CED9BD0-44B9-44FC-B34A-26CC9EDFB858}
		{BF259840-D228-4BB7-A34D-50599C669195} = {1CED9BD0-44B9-44FC-B34A-26CC9EDFB858}
		{C2B8A3FA-8690-4372-97BD-310203BA075B} = {516EE702-6C53-4770-91D9-FED05122F4BF}
		{8C1123E6-ADFC-4D3A-AC51-7CA1B282CC94} = {516EE702-6C53-4770-91D9-FED05122F4BF}
		{E245D6B7-9DBF-4770-B00A-E8FDB9CCF965} = {516EE702-6C53-4770-91D9-FED05122F4BF}
		{8B3EE313-883C-4348-AC3E-ACC47C976B77} = {516EE702-6C53-4770-91D9-FED05122F4BF}
		{853DE2D3-1330-4870-A536-0F6893D480D4} = {516EE702-6C53-4770-91D9-FED05122F4BF}
		{DC856782-E45A-4771-AABC-40AD8F4BFA6F} = {516EE702-6C53-4770-91D9-FED05122F4BF}
		{775762D9-CDBC-4B4D-8F48-9931D2287366} = {FACDE600-DC23-49BA-AAE4-DED4831AA64F}
		{9ABFF3FF-9422-4C8F-B4CC-19D0D7A62FA8} = {775762D9-CDBC-4B4D-8F48-9931D2287366}
		{A14646E4-2C25-4F17-8FC4-5B5057C8A54A} = {F35E83E4-B82A-4430-8B59-5BBD1CE857A9}
		{FACDE600-DC23-49BA-AAE4-DED4831AA64F} = {F35E83E4-B82A-4430-8B59-5BBD1CE857A9}
		{83D1479B-2190-46C6-A3E1-49BF77B841F0} = {F35E83E4-B82A-4430-8B59-5BBD1CE857A9}
		{4972E5FC-D5FC-4213-BB48-9781FC5067BD} = {1AD94654-35BC-4502-A411-AA72A97CDA45}
		{C1A7BCFC-125C-4EEC-A950-594BD54C8BC0} = {A14646E4-2C25-4F17-8FC4-5B5057C8A54A}
		{7AC41F6B-9DC7-487F-ABCB-D83DC9BD301D} = {A14646E4-2C25-4F17-8FC4-5B5057C8A54A}
		{22E23B57-220B-4225-B77E-91A36147F74E} = {4972E5FC-D5FC-4213-BB48-9781FC5067BD}
		{918A180C-BEB2-4463-9B3A-82DCCCBFF47A} = {FACDE600-DC23-49BA-AAE4-DED4831AA64F}
		{D3C89206-98B9-4686-A284-6B08E8B06441} = {86B8D046-90A1-4BAB-805A-1F4D632E43AC}
		{5B4127D7-50D1-48B1-8098-28F2675A4050} = {86B8D046-90A1-4BAB-805A-1F4D632E43AC}
		{803375BF-B13B-4149-859B-4AF1A50807C4} = {86B8D046-90A1-4BAB-805A-1F4D632E43AC}
		{0802CB23-EF5A-40EF-A92A-114EB9ECE8FC} = {86B8D046-90A1-4BAB-805A-1F4D632E43AC}
		{B214D373-9FDD-4726-897F-9482A1605E19} = {FACDE600-DC23-49BA-AAE4-DED4831AA64F}
		{371DE60C-5228-4415-BA93-0A2E491257B0} = {B214D373-9FDD-4726-897F-9482A1605E19}
		{D87793C8-5EEF-43F2-ABB5-EC62EC32FD2A} = {853DE2D3-1330-4870-A536-0F6893D480D4}
		{CC07FAC6-DC77-4382-A96C-4ADF87B35F26} = {853DE2D3-1330-4870-A536-0F6893D480D4}
		{6424C13B-9DAF-45FC-A50A-C7E7B0EDFEE6} = {853DE2D3-1330-4870-A536-0F6893D480D4}
		{3BFE179C-92E5-4147-802E-0B8F4DAC03E3} = {853DE2D3-1330-4870-A536-0F6893D480D4}
		{F1E7CC8F-E5D2-466E-8E0A-4E9AB9C2FD29} = {853DE2D3-1330-4870-A536-0F6893D480D4}
		{B12F7E0C-3C2A-4033-8A0C-E19A00F77C44} = {853DE2D3-1330-4870-A536-0F6893D480D4}
		{A21AD767-8C89-4E9B-ABAC-2905F9F9D753} = {853DE2D3-1330-4870-A536-0F6893D480D4}
		{7DD238B6-AFAC-4355-AA73-FDBB9AE2C605} = {853DE2D3-1330-4870-A536-0F6893D480D4}
		{CA2D4BC0-19EF-491E-83B2-29D702F4D066} = {853DE2D3-1330-4870-A536-0F6893D480D4}
		{39E80ECC-4ED8-4765-B28C-088FBA517EFC} = {853DE2D3-1330-4870-A536-0F6893D480D4}
		{C560BB68-2F21-48E0-83BB-BA0C4AF1C594} = {86B8D046-90A1-4BAB-805A-1F4D632E43AC}
		{2260587F-97F4-443D-8DDF-0C5004AAF797} = {FACDE600-DC23-49BA-AAE4-DED4831AA64F}
		{83C27883-E2C3-4693-8501-4D44A2E3FDE3} = {2260587F-97F4-443D-8DDF-0C5004AAF797}
		{6ADD4733-74E9-4121-B140-6082E673A582} = {FACDE600-DC23-49BA-AAE4-DED4831AA64F}
		{97287499-F803-482E-8B0B-3777EEA5930A} = {86B8D046-90A1-4BAB-805A-1F4D632E43AC}
		{0384CBA5-551B-4103-9EAE-C52E9A10EE93} = {86B8D046-90A1-4BAB-805A-1F4D632E43AC}
		{15C18FB1-A0CB-4C99-BE81-16C82D788118} = {3BFE179C-92E5-4147-802E-0B8F4DAC03E3}
		{CB913537-6975-49FC-A920-13882DD7C49F} = {F1E7CC8F-E5D2-466E-8E0A-4E9AB9C2FD29}
		{8D315438-FCB2-4259-BFF4-FF0C00AA9CD7} = {6ADD4733-74E9-4121-B140-6082E673A582}
		{99E2A6FC-16CE-4533-BB0C-2792E19DF815} = {A14646E4-2C25-4F17-8FC4-5B5057C8A54A}
		{8B6B9726-C488-457C-84CA-3FEDA5AFF061} = {86B8D046-90A1-4BAB-805A-1F4D632E43AC}
		{CDCBE6FB-B16F-4072-BB64-2D4640407E6D} = {86B8D046-90A1-4BAB-805A-1F4D632E43AC}
		{59890A0E-A570-4903-8143-B29406BD74FF} = {86B8D046-90A1-4BAB-805A-1F4D632E43AC}
		{CF888057-8C27-4BF9-B586-5A99589DBC53} = {86B8D046-90A1-4BAB-805A-1F4D632E43AC}
		{F235899D-8F97-48F7-A06B-FA6F92B08057} = {86B8D046-90A1-4BAB-805A-1F4D632E43AC}
		{DE67BC7F-E96A-48D9-B81E-B08438DE7FB6} = {1AD94654-35BC-4502-A411-AA72A97CDA45}
		{CA5A4FAE-2D33-47AB-9510-8198561B84BA} = {86B8D046-90A1-4BAB-805A-1F4D632E43AC}
		{5CD77FD8-3C33-4462-9AD9-770279E332F2} = {86B8D046-90A1-4BAB-805A-1F4D632E43AC}
		{06202B61-E47B-499F-93F0-680846CC135A} = {86B8D046-90A1-4BAB-805A-1F4D632E43AC}
		{96C589C3-F140-4570-B7A6-9EDDE9CFF192} = {86B8D046-90A1-4BAB-805A-1F4D632E43AC}
		{2C8FFA4D-B290-4B9D-9A3E-D4DF095A4150} = {86B8D046-90A1-4BAB-805A-1F4D632E43AC}
		{15EBC9BD-BAF4-4CB9-A757-088770875386} = {86B8D046-90A1-4BAB-805A-1F4D632E43AC}
		{3E05CE00-F62F-4909-8ED8-498AE626B9FA} = {1AD94654-35BC-4502-A411-AA72A97CDA45}
		{78A53B21-E2ED-49CB-AB0D-9C9CB4B7943D} = {3E05CE00-F62F-4909-8ED8-498AE626B9FA}
		{F96C6ABC-8F6F-469F-B275-6D1FB0FC45C8} = {3E05CE00-F62F-4909-8ED8-498AE626B9FA}
		{D3E78356-0890-42D5-8AB2-72A430B2782C} = {3E05CE00-F62F-4909-8ED8-498AE626B9FA}
		{7B48C8F3-19EE-4291-A6E3-EB2962D29F0C} = {3E05CE00-F62F-4909-8ED8-498AE626B9FA}
		{DFA2229A-5231-4836-9FB7-288228997C04} = {3E05CE00-F62F-4909-8ED8-498AE626B9FA}
		{F135EC7B-70C2-44D9-AB9C-F58CBD867D8E} = {78A53B21-E2ED-49CB-AB0D-9C9CB4B7943D}
		{034B737B-6063-4A08-83D0-723101DABACD} = {78A53B21-E2ED-49CB-AB0D-9C9CB4B7943D}
		{6A325200-9552-49F1-9F8E-0EA4FD76879E} = {78A53B21-E2ED-49CB-AB0D-9C9CB4B7943D}
		{9C35F9C6-AB64-41C0-BF9F-740624331ECB} = {86B8D046-90A1-4BAB-805A-1F4D632E43AC}
		{39715132-4580-47D2-A14D-9D87EB201DFF} = {86B8D046-90A1-4BAB-805A-1F4D632E43AC}
		{377DE3B7-FAFC-498C-9107-BAAE39A23F40} = {86B8D046-90A1-4BAB-805A-1F4D632E43AC}
		{C40AFF00-4528-4660-B62F-57E0592A62D2} = {1CED9BD0-44B9-44FC-B34A-26CC9EDFB858}
	EndGlobalSection
	GlobalSection(ExtensibilityGlobals) = postSolution
		SolutionGuid = {0CE13E9E-B87E-490C-A07C-E57035C2B26B}
	EndGlobalSection
EndGlobal
